
Microsoft Visual Studio Solution File, Format Version 12.00
# Visual Studio 15
VisualStudioVersion = 15.0.27130.2010
MinimumVisualStudioVersion = 10.0.40219.1
Project("{2150E333-8FDC-42A3-9474-1A3956D46DE8}") = "DataAccess", "DataAccess", "{B691DB13-7BB4-4995-BE02-B22C9F1B9893}"
EndProject
Project("{2150E333-8FDC-42A3-9474-1A3956D46DE8}") = "Common", "Common", "{C498DEEA-4143-49E5-B726-E4ADCDF6AD7A}"
EndProject
Project("{2150E333-8FDC-42A3-9474-1A3956D46DE8}") = "Business", "Business", "{F974936A-4A64-4D4A-BA9F-24E296C172CC}"
EndProject
Project("{2150E333-8FDC-42A3-9474-1A3956D46DE8}") = "UI", "UI", "{B85D9048-90CA-4E5E-9974-0B2DD4EF5172}"
EndProject
Project("{FAE04EC0-301F-11D3-BF4B-00C04F79EFBC}") = "DHQR.BusinessLogic.Implement", "Business\DHQR.BusinessLogic.Implement\DHQR.BusinessLogic.Implement.csproj", "{AD5E5286-1F09-4037-AFC9-A67EEEB034BB}"
EndProject
Project("{FAE04EC0-301F-11D3-BF4B-00C04F79EFBC}") = "DHQR.BasicLib", "Common\DHQR.BasicLib\DHQR.BasicLib.csproj", "{CD4DC6A5-4B68-456F-919D-C030D8B29B2D}"
EndProject
Project("{FAE04EC0-301F-11D3-BF4B-00C04F79EFBC}") = "DHQR.DataAccess.Entities", "Repository\DHQR.DataAccess.Entities\DHQR.DataAccess.Entities.csproj", "{9434414B-9BA1-4351-AB0A-CECF3A570729}"
EndProject
Project("{FAE04EC0-301F-11D3-BF4B-00C04F79EFBC}") = "DHQR.DataAccess.Implement", "Repository\DHQR.DataAccess.Implement\DHQR.DataAccess.Implement.csproj", "{2E983506-D53B-4218-86C2-7ABD7DF6D017}"
EndProject
Project("{2150E333-8FDC-42A3-9474-1A3956D46DE8}") = "libs", "libs", "{1134C428-F2F6-4B52-9A7D-BD229B1E9E48}"
	ProjectSection(SolutionItems) = preProject
		..\libs\BeITMemcached.dll = ..\libs\BeITMemcached.dll
		..\libs\Common.Base.dll = ..\libs\Common.Base.dll
		..\libs\Common.BLL.Contract.dll = ..\libs\Common.BLL.Contract.dll
		..\libs\Common.BLL.Implement.dll = ..\libs\Common.BLL.Implement.dll
		..\libs\Common.DAL.Entities.dll = ..\libs\Common.DAL.Entities.dll
		..\libs\Common.DAL.Implement.dll = ..\libs\Common.DAL.Implement.dll
		..\libs\Common.DataCache.dll = ..\libs\Common.DataCache.dll
		..\libs\Common.GlobalConfig.dll = ..\libs\Common.GlobalConfig.dll
		..\libs\Common.UI.dll = ..\libs\Common.UI.dll
		..\libs\DynamicQuery.dll = ..\libs\DynamicQuery.dll
		..\libs\log4net.dll = ..\libs\log4net.dll
		..\libs\NPOI.dll = ..\libs\NPOI.dll
	EndProjectSection
EndProject
Project("{FAE04EC0-301F-11D3-BF4B-00C04F79EFBC}") = "DHQR.UI", "UI\DHQR.UI\WeiXin.UI\DHQR.UI.csproj", "{1D5365C2-EDF6-4289-8475-DEC457142562}"
EndProject
Project("{2150E333-8FDC-42A3-9474-1A3956D46DE8}") = "Service", "Service", "{5DB5DA50-E24F-4400-BD6E-42AA0586244C}"
EndProject
Project("{FAE04EC0-301F-11D3-BF4B-00C04F79EFBC}") = "DHQR.UnitTest", "DHQR.UnitTest\DHQR.UnitTest.csproj", "{A4B613F0-D689-4B07-922C-3DDCCE664DE0}"
	ProjectSection(ProjectDependencies) = postProject
		{75164E10-D4DB-4DF1-933B-FDEF45ABA6CF} = {75164E10-D4DB-4DF1-933B-FDEF45ABA6CF}
	EndProjectSection
EndProject
Project("{FAE04EC0-301F-11D3-BF4B-00C04F79EFBC}") = "DHQR.DataAccess.Langchao", "Repository\DHQR.DataAccess.Langchao\DHQR.DataAccess.Langchao.csproj", "{61FFB43A-FBB4-4405-BF42-BEF7393FEC3B}"
EndProject
Project("{FAE04EC0-301F-11D3-BF4B-00C04F79EFBC}") = "DHQR.Log", "Common\DHQR.Log\DHQR.Log.csproj", "{92ACE90C-90A4-4ACD-AF88-14858FDCD03A}"
EndProject
Project("{FAE04EC0-301F-11D3-BF4B-00C04F79EFBC}") = "DHQR.Service", "Service\DHQR.Service\DHQR.Service.csproj", "{75164E10-D4DB-4DF1-933B-FDEF45ABA6CF}"
EndProject
Project("{FAE04EC0-301F-11D3-BF4B-00C04F79EFBC}") = "DHQR.SynService", "Service\DHQR.SynService\DHQR.SynService.csproj", "{17634BDA-F7DC-484E-89DC-60C2161812AE}"
EndProject
Global
	GlobalSection(SolutionConfigurationPlatforms) = preSolution
		Debug|Any CPU = Debug|Any CPU
		Debug|Mixed Platforms = Debug|Mixed Platforms
		Debug|x86 = Debug|x86
		Release|Any CPU = Release|Any CPU
		Release|Mixed Platforms = Release|Mixed Platforms
		Release|x86 = Release|x86
	EndGlobalSection
	GlobalSection(ProjectConfigurationPlatforms) = postSolution
		{AD5E5286-1F09-4037-AFC9-A67EEEB034BB}.Debug|Any CPU.ActiveCfg = Debug|x86
		{AD5E5286-1F09-4037-AFC9-A67EEEB034BB}.Debug|Mixed Platforms.ActiveCfg = Debug|x86
		{AD5E5286-1F09-4037-AFC9-A67EEEB034BB}.Debug|Mixed Platforms.Build.0 = Debug|x86
		{AD5E5286-1F09-4037-AFC9-A67EEEB034BB}.Debug|x86.ActiveCfg = Debug|x86
		{AD5E5286-1F09-4037-AFC9-A67EEEB034BB}.Debug|x86.Build.0 = Debug|x86
		{AD5E5286-1F09-4037-AFC9-A67EEEB034BB}.Release|Any CPU.ActiveCfg = Release|x86
		{AD5E5286-1F09-4037-AFC9-A67EEEB034BB}.Release|Mixed Platforms.ActiveCfg = Release|x86
		{AD5E5286-1F09-4037-AFC9-A67EEEB034BB}.Release|Mixed Platforms.Build.0 = Release|x86
		{AD5E5286-1F09-4037-AFC9-A67EEEB034BB}.Release|x86.ActiveCfg = Release|x86
		{AD5E5286-1F09-4037-AFC9-A67EEEB034BB}.Release|x86.Build.0 = Release|x86
		{CD4DC6A5-4B68-456F-919D-C030D8B29B2D}.Debug|Any CPU.ActiveCfg = Debug|x86
		{CD4DC6A5-4B68-456F-919D-C030D8B29B2D}.Debug|Mixed Platforms.ActiveCfg = Debug|x86
		{CD4DC6A5-4B68-456F-919D-C030D8B29B2D}.Debug|Mixed Platforms.Build.0 = Debug|x86
		{CD4DC6A5-4B68-456F-919D-C030D8B29B2D}.Debug|x86.ActiveCfg = Debug|x86
		{CD4DC6A5-4B68-456F-919D-C030D8B29B2D}.Debug|x86.Build.0 = Debug|x86
		{CD4DC6A5-4B68-456F-919D-C030D8B29B2D}.Release|Any CPU.ActiveCfg = Release|x86
		{CD4DC6A5-4B68-456F-919D-C030D8B29B2D}.Release|Mixed Platforms.ActiveCfg = Release|x86
		{CD4DC6A5-4B68-456F-919D-C030D8B29B2D}.Release|Mixed Platforms.Build.0 = Release|x86
		{CD4DC6A5-4B68-456F-919D-C030D8B29B2D}.Release|x86.ActiveCfg = Release|x86
		{CD4DC6A5-4B68-456F-919D-C030D8B29B2D}.Release|x86.Build.0 = Release|x86
		{9434414B-9BA1-4351-AB0A-CECF3A570729}.Debug|Any CPU.ActiveCfg = Debug|x86
		{9434414B-9BA1-4351-AB0A-CECF3A570729}.Debug|Mixed Platforms.ActiveCfg = Debug|x86
		{9434414B-9BA1-4351-AB0A-CECF3A570729}.Debug|Mixed Platforms.Build.0 = Debug|x86
		{9434414B-9BA1-4351-AB0A-CECF3A570729}.Debug|x86.ActiveCfg = Debug|x86
		{9434414B-9BA1-4351-AB0A-CECF3A570729}.Debug|x86.Build.0 = Debug|x86
		{9434414B-9BA1-4351-AB0A-CECF3A570729}.Release|Any CPU.ActiveCfg = Release|x86
		{9434414B-9BA1-4351-AB0A-CECF3A570729}.Release|Mixed Platforms.ActiveCfg = Release|x86
		{9434414B-9BA1-4351-AB0A-CECF3A570729}.Release|Mixed Platforms.Build.0 = Release|x86
		{9434414B-9BA1-4351-AB0A-CECF3A570729}.Release|x86.ActiveCfg = Release|x86
		{9434414B-9BA1-4351-AB0A-CECF3A570729}.Release|x86.Build.0 = Release|x86
		{2E983506-D53B-4218-86C2-7ABD7DF6D017}.Debug|Any CPU.ActiveCfg = Debug|x86
		{2E983506-D53B-4218-86C2-7ABD7DF6D017}.Debug|Mixed Platforms.ActiveCfg = Debug|x86
		{2E983506-D53B-4218-86C2-7ABD7DF6D017}.Debug|Mixed Platforms.Build.0 = Debug|x86
		{2E983506-D53B-4218-86C2-7ABD7DF6D017}.Debug|x86.ActiveCfg = Debug|x86
		{2E983506-D53B-4218-86C2-7ABD7DF6D017}.Debug|x86.Build.0 = Debug|x86
		{2E983506-D53B-4218-86C2-7ABD7DF6D017}.Release|Any CPU.ActiveCfg = Release|x86
		{2E983506-D53B-4218-86C2-7ABD7DF6D017}.Release|Mixed Platforms.ActiveCfg = Release|x86
		{2E983506-D53B-4218-86C2-7ABD7DF6D017}.Release|Mixed Platforms.Build.0 = Release|x86
		{2E983506-D53B-4218-86C2-7ABD7DF6D017}.Release|x86.ActiveCfg = Release|x86
		{2E983506-D53B-4218-86C2-7ABD7DF6D017}.Release|x86.Build.0 = Release|x86
		{1D5365C2-EDF6-4289-8475-DEC457142562}.Debug|Any CPU.ActiveCfg = Debug|Any CPU
		{1D5365C2-EDF6-4289-8475-DEC457142562}.Debug|Any CPU.Build.0 = Debug|Any CPU
		{1D5365C2-EDF6-4289-8475-DEC457142562}.Debug|Mixed Platforms.ActiveCfg = Debug|Any CPU
		{1D5365C2-EDF6-4289-8475-DEC457142562}.Debug|Mixed Platforms.Build.0 = Debug|Any CPU
		{1D5365C2-EDF6-4289-8475-DEC457142562}.Debug|x86.ActiveCfg = Debug|Any CPU
		{1D5365C2-EDF6-4289-8475-DEC457142562}.Release|Any CPU.ActiveCfg = Release|Any CPU
		{1D5365C2-EDF6-4289-8475-DEC457142562}.Release|Any CPU.Build.0 = Release|Any CPU
		{1D5365C2-EDF6-4289-8475-DEC457142562}.Release|Mixed Platforms.ActiveCfg = Release|Any CPU
		{1D5365C2-EDF6-4289-8475-DEC457142562}.Release|Mixed Platforms.Build.0 = Release|Any CPU
		{1D5365C2-EDF6-4289-8475-DEC457142562}.Release|x86.ActiveCfg = Release|Any CPU
		{A4B613F0-D689-4B07-922C-3DDCCE664DE0}.Debug|Any CPU.ActiveCfg = Debug|Any CPU
		{A4B613F0-D689-4B07-922C-3DDCCE664DE0}.Debug|Any CPU.Build.0 = Debug|Any CPU
		{A4B613F0-D689-4B07-922C-3DDCCE664DE0}.Debug|Mixed Platforms.ActiveCfg = Debug|Any CPU
		{A4B613F0-D689-4B07-922C-3DDCCE664DE0}.Debug|Mixed Platforms.Build.0 = Debug|Any CPU
		{A4B613F0-D689-4B07-922C-3DDCCE664DE0}.Debug|x86.ActiveCfg = Debug|Any CPU
		{A4B613F0-D689-4B07-922C-3DDCCE664DE0}.Release|Any CPU.ActiveCfg = Release|Any CPU
		{A4B613F0-D689-4B07-922C-3DDCCE664DE0}.Release|Any CPU.Build.0 = Release|Any CPU
		{A4B613F0-D689-4B07-922C-3DDCCE664DE0}.Release|Mixed Platforms.ActiveCfg = Release|Any CPU
		{A4B613F0-D689-4B07-922C-3DDCCE664DE0}.Release|Mixed Platforms.Build.0 = Release|Any CPU
		{A4B613F0-D689-4B07-922C-3DDCCE664DE0}.Release|x86.ActiveCfg = Release|Any CPU
		{61FFB43A-FBB4-4405-BF42-BEF7393FEC3B}.Debug|Any CPU.ActiveCfg = Debug|Any CPU
		{61FFB43A-FBB4-4405-BF42-BEF7393FEC3B}.Debug|Any CPU.Build.0 = Debug|Any CPU
		{61FFB43A-FBB4-4405-BF42-BEF7393FEC3B}.Debug|Mixed Platforms.ActiveCfg = Debug|Any CPU
		{61FFB43A-FBB4-4405-BF42-BEF7393FEC3B}.Debug|Mixed Platforms.Build.0 = Debug|Any CPU
		{61FFB43A-FBB4-4405-BF42-BEF7393FEC3B}.Debug|x86.ActiveCfg = Debug|Any CPU
		{61FFB43A-FBB4-4405-BF42-BEF7393FEC3B}.Release|Any CPU.ActiveCfg = Release|Any CPU
		{61FFB43A-FBB4-4405-BF42-BEF7393FEC3B}.Release|Any CPU.Build.0 = Release|Any CPU
		{61FFB43A-FBB4-4405-BF42-BEF7393FEC3B}.Release|Mixed Platforms.ActiveCfg = Release|Any CPU
		{61FFB43A-FBB4-4405-BF42-BEF7393FEC3B}.Release|Mixed Platforms.Build.0 = Release|Any CPU
		{61FFB43A-FBB4-4405-BF42-BEF7393FEC3B}.Release|x86.ActiveCfg = Release|Any CPU
		{92ACE90C-90A4-4ACD-AF88-14858FDCD03A}.Debug|Any CPU.ActiveCfg = Debug|Any CPU
		{92ACE90C-90A4-4ACD-AF88-14858FDCD03A}.Debug|Any CPU.Build.0 = Debug|Any CPU
		{92ACE90C-90A4-4ACD-AF88-14858FDCD03A}.Debug|Mixed Platforms.ActiveCfg = Debug|Any CPU
		{92ACE90C-90A4-4ACD-AF88-14858FDCD03A}.Debug|Mixed Platforms.Build.0 = Debug|Any CPU
		{92ACE90C-90A4-4ACD-AF88-14858FDCD03A}.Debug|x86.ActiveCfg = Debug|Any CPU
		{92ACE90C-90A4-4ACD-AF88-14858FDCD03A}.Release|Any CPU.ActiveCfg = Release|Any CPU
		{92ACE90C-90A4-4ACD-AF88-14858FDCD03A}.Release|Any CPU.Build.0 = Release|Any CPU
		{92ACE90C-90A4-4ACD-AF88-14858FDCD03A}.Release|Mixed Platforms.ActiveCfg = Release|Any CPU
		{92ACE90C-90A4-4ACD-AF88-14858FDCD03A}.Release|Mixed Platforms.Build.0 = Release|Any CPU
		{92ACE90C-90A4-4ACD-AF88-14858FDCD03A}.Release|x86.ActiveCfg = Release|Any CPU
		{75164E10-D4DB-4DF1-933B-FDEF45ABA6CF}.Debug|Any CPU.ActiveCfg = Debug|Any CPU
		{75164E10-D4DB-4DF1-933B-FDEF45ABA6CF}.Debug|Any CPU.Build.0 = Debug|Any CPU
		{75164E10-D4DB-4DF1-933B-FDEF45ABA6CF}.Debug|Mixed Platforms.ActiveCfg = Debug|Any CPU
		{75164E10-D4DB-4DF1-933B-FDEF45ABA6CF}.Debug|Mixed Platforms.Build.0 = Debug|Any CPU
		{75164E10-D4DB-4DF1-933B-FDEF45ABA6CF}.Debug|x86.ActiveCfg = Debug|Any CPU
		{75164E10-D4DB-4DF1-933B-FDEF45ABA6CF}.Release|Any CPU.ActiveCfg = Release|Any CPU
		{75164E10-D4DB-4DF1-933B-FDEF45ABA6CF}.Release|Any CPU.Build.0 = Release|Any CPU
		{75164E10-D4DB-4DF1-933B-FDEF45ABA6CF}.Release|Mixed Platforms.ActiveCfg = Release|Any CPU
		{75164E10-D4DB-4DF1-933B-FDEF45ABA6CF}.Release|Mixed Platforms.Build.0 = Release|Any CPU
		{75164E10-D4DB-4DF1-933B-FDEF45ABA6CF}.Release|x86.ActiveCfg = Release|Any CPU
		{17634BDA-F7DC-484E-89DC-60C2161812AE}.Debug|Any CPU.ActiveCfg = Debug|Any CPU
		{17634BDA-F7DC-484E-89DC-60C2161812AE}.Debug|Any CPU.Build.0 = Debug|Any CPU
		{17634BDA-F7DC-484E-89DC-60C2161812AE}.Debug|Mixed Platforms.ActiveCfg = Release|Any CPU
		{17634BDA-F7DC-484E-89DC-60C2161812AE}.Debug|Mixed Platforms.Build.0 = Release|Any CPU
		{17634BDA-F7DC-484E-89DC-60C2161812AE}.Debug|x86.ActiveCfg = Debug|Any CPU
		{17634BDA-F7DC-484E-89DC-60C2161812AE}.Release|Any CPU.ActiveCfg = Release|Any CPU
		{17634BDA-F7DC-484E-89DC-60C2161812AE}.Release|Any CPU.Build.0 = Release|Any CPU
		{17634BDA-F7DC-484E-89DC-60C2161812AE}.Release|Mixed Platforms.ActiveCfg = Release|Any CPU
		{17634BDA-F7DC-484E-89DC-60C2161812AE}.Release|Mixed Platforms.Build.0 = Release|Any CPU
		{17634BDA-F7DC-484E-89DC-60C2161812AE}.Release|x86.ActiveCfg = Release|Any CPU
	EndGlobalSection
	GlobalSection(SolutionProperties) = preSolution
		HideSolutionNode = FALSE
	EndGlobalSection
	GlobalSection(NestedProjects) = preSolution
		{AD5E5286-1F09-4037-AFC9-A67EEEB034BB} = {F974936A-4A64-4D4A-BA9F-24E296C172CC}
		{CD4DC6A5-4B68-456F-919D-C030D8B29B2D} = {C498DEEA-4143-49E5-B726-E4ADCDF6AD7A}
		{9434414B-9BA1-4351-AB0A-CECF3A570729} = {B691DB13-7BB4-4995-BE02-B22C9F1B9893}
		{2E983506-D53B-4218-86C2-7ABD7DF6D017} = {B691DB13-7BB4-4995-BE02-B22C9F1B9893}
		{1D5365C2-EDF6-4289-8475-DEC457142562} = {B85D9048-90CA-4E5E-9974-0B2DD4EF5172}
		{A4B613F0-D689-4B07-922C-3DDCCE664DE0} = {5DB5DA50-E24F-4400-BD6E-42AA0586244C}
		{61FFB43A-FBB4-4405-BF42-BEF7393FEC3B} = {B691DB13-7BB4-4995-BE02-B22C9F1B9893}
		{92ACE90C-90A4-4ACD-AF88-14858FDCD03A} = {C498DEEA-4143-49E5-B726-E4ADCDF6AD7A}
		{75164E10-D4DB-4DF1-933B-FDEF45ABA6CF} = {5DB5DA50-E24F-4400-BD6E-42AA0586244C}
		{17634BDA-F7DC-484E-89DC-60C2161812AE} = {5DB5DA50-E24F-4400-BD6E-42AA0586244C}
	EndGlobalSection
	GlobalSection(ExtensibilityGlobals) = postSolution
		SolutionGuid = {2313028D-0F13-4B4E-B93D-13C23E005FDE}
	EndGlobalSection
EndGlobal
